
Microsoft Visual Studio Solution File, Format Version 12.00
# Visual Studio Version 17
VisualStudioVersion = 17.9.34616.47
MinimumVisualStudioVersion = 10.0.40219.1
Project("{9A19103F-16F7-4668-BE54-9A1E7A4F7556}") = "DataAccess", "DataAccess\DataAccess.csproj", "{0BC53A0B-1304-4E02-BB8C-9C42819DF20B}"
EndProject
Project("{9A19103F-16F7-4668-BE54-9A1E7A4F7556}") = "BlazorApp1", "BlazorApp1\BlazorApp1.csproj", "{53E5166E-CFB7-4B34-86B2-D602DA3E4F8D}"
EndProject
Global
	GlobalSection(SolutionConfigurationPlatforms) = preSolution
		Debug|Any CPU = Debug|Any CPU
		Release|Any CPU = Release|Any CPU
	EndGlobalSection
	GlobalSection(ProjectConfigurationPlatforms) = postSolution
		{0BC53A0B-1304-4E02-BB8C-9C42819DF20B}.Debug|Any CPU.ActiveCfg = Debug|Any CPU
		{0BC53A0B-1304-4E02-BB8C-9C42819DF20B}.Debug|Any CPU.Build.0 = Debug|Any CPU
		{0BC53A0B-1304-4E02-BB8C-9C42819DF20B}.Release|Any CPU.ActiveCfg = Release|Any CPU
		{0BC53A0B-1304-4E02-BB8C-9C42819DF20B}.Release|Any CPU.Build.0 = Release|Any CPU
		{53E5166E-CFB7-4B34-86B2-D602DA3E4F8D}.Debug|Any CPU.ActiveCfg = Debug|Any CPU
		{53E5166E-CFB7-4B34-86B2-D602DA3E4F8D}.Debug|Any CPU.Build.0 = Debug|Any CPU
		{53E5166E-CFB7-4B34-86B2-D602DA3E4F8D}.Release|Any CPU.ActiveCfg = Release|Any CPU
		{53E5166E-CFB7-4B34-86B2-D602DA3E4F8D}.Release|Any CPU.Build.0 = Release|Any CPU
	EndGlobalSection
	GlobalSection(SolutionProperties) = preSolution
		HideSolutionNode = FALSE
	EndGlobalSection
	GlobalSection(ExtensibilityGlobals) = postSolution
		SolutionGuid = {10BC796A-EF85-4C60-90CB-3B8B26726279}
	EndGlobalSection
EndGlobal
